
Microsoft Visual Studio Solution File, Format Version 12.00
# Visual Studio Version 17
VisualStudioVersion = 17.4.33110.190
MinimumVisualStudioVersion = 10.0.40219.1
Project("{FAE04EC0-301F-11D3-BF4B-00C04F79EFBC}") = "LAPO_CMS", "LAPO_CMS\LAPO_CMS.csproj", "{0FB2C3B7-B9F9-413F-9ED1-4FDF739D7728}"
EndProject
Global
	GlobalSection(SolutionConfigurationPlatforms) = preSolution
		Debug|Any CPU = Debug|Any CPU
		Release|Any CPU = Release|Any CPU
	EndGlobalSection
	GlobalSection(ProjectConfigurationPlatforms) = postSolution
		{0FB2C3B7-B9F9-413F-9ED1-4FDF739D7728}.Debug|Any CPU.ActiveCfg = Debug|Any CPU
		{0FB2C3B7-B9F9-413F-9ED1-4FDF739D7728}.Debug|Any CPU.Build.0 = Debug|Any CPU
		{0FB2C3B7-B9F9-413F-9ED1-4FDF739D7728}.Release|Any CPU.ActiveCfg = Release|Any CPU
		{0FB2C3B7-B9F9-413F-9ED1-4FDF739D7728}.Release|Any CPU.Build.0 = Release|Any CPU
	EndGlobalSection
	GlobalSection(SolutionProperties) = preSolution
		HideSolutionNode = FALSE
	EndGlobalSection
	GlobalSection(ExtensibilityGlobals) = postSolution
		SolutionGuid = {20A59F63-8835-41DF-9D5E-F1A54C117D68}
	EndGlobalSection
EndGlobal
